
Microsoft Visual Studio Solution File, Format Version 12.00
# Visual Studio Version 16
VisualStudioVersion = 16.0.31729.503
MinimumVisualStudioVersion = 10.0.40219.1
Project("{9A19103F-16F7-4668-BE54-9A1E7A4F7556}") = "Airport.DAL", "Airport.DAL\Airport.DAL.csproj", "{0CB79336-9AF4-43BC-9B6D-8D1E9EAC58D9}"
EndProject
Project("{9A19103F-16F7-4668-BE54-9A1E7A4F7556}") = "Airport.BLL", "Airport.BLL\Airport.BLL.csproj", "{6ACE45A7-E85F-4DE7-8A67-4E42F216C985}"
EndProject
Project("{9A19103F-16F7-4668-BE54-9A1E7A4F7556}") = "Airport.Models", "Airport.Models\Airport.Models.csproj", "{08B11C69-86D3-4EC4-B362-E8094EEAE00E}"
EndProject
Project("{9A19103F-16F7-4668-BE54-9A1E7A4F7556}") = "Airport.Backend", "Airport.Backend\Airport.Backend.csproj", "{F5C50283-588C-457F-9737-EAA0611EC5E7}"
EndProject
Project("{9A19103F-16F7-4668-BE54-9A1E7A4F7556}") = "Airport.Simulator", "Airport.Simulator\Airport.Simulator.csproj", "{FE4141B4-4AC9-4CB1-84DC-96199E080EC6}"
EndProject
Project("{FAE04EC0-301F-11D3-BF4B-00C04F79EFBC}") = "AirPort.UnitTests", "AirPort.UnitTests\AirPort.UnitTests.csproj", "{26B68DDC-BBB5-4B28-965E-11957EA9DA7D}"
EndProject
Global
	GlobalSection(SolutionConfigurationPlatforms) = preSolution
		Debug|Any CPU = Debug|Any CPU
		Release|Any CPU = Release|Any CPU
	EndGlobalSection
	GlobalSection(ProjectConfigurationPlatforms) = postSolution
		{0CB79336-9AF4-43BC-9B6D-8D1E9EAC58D9}.Debug|Any CPU.ActiveCfg = Debug|Any CPU
		{0CB79336-9AF4-43BC-9B6D-8D1E9EAC58D9}.Debug|Any CPU.Build.0 = Debug|Any CPU
		{0CB79336-9AF4-43BC-9B6D-8D1E9EAC58D9}.Release|Any CPU.ActiveCfg = Release|Any CPU
		{0CB79336-9AF4-43BC-9B6D-8D1E9EAC58D9}.Release|Any CPU.Build.0 = Release|Any CPU
		{6ACE45A7-E85F-4DE7-8A67-4E42F216C985}.Debug|Any CPU.ActiveCfg = Debug|Any CPU
		{6ACE45A7-E85F-4DE7-8A67-4E42F216C985}.Debug|Any CPU.Build.0 = Debug|Any CPU
		{6ACE45A7-E85F-4DE7-8A67-4E42F216C985}.Release|Any CPU.ActiveCfg = Release|Any CPU
		{6ACE45A7-E85F-4DE7-8A67-4E42F216C985}.Release|Any CPU.Build.0 = Release|Any CPU
		{08B11C69-86D3-4EC4-B362-E8094EEAE00E}.Debug|Any CPU.ActiveCfg = Debug|Any CPU
		{08B11C69-86D3-4EC4-B362-E8094EEAE00E}.Debug|Any CPU.Build.0 = Debug|Any CPU
		{08B11C69-86D3-4EC4-B362-E8094EEAE00E}.Release|Any CPU.ActiveCfg = Release|Any CPU
		{08B11C69-86D3-4EC4-B362-E8094EEAE00E}.Release|Any CPU.Build.0 = Release|Any CPU
		{F5C50283-588C-457F-9737-EAA0611EC5E7}.Debug|Any CPU.ActiveCfg = Debug|Any CPU
		{F5C50283-588C-457F-9737-EAA0611EC5E7}.Debug|Any CPU.Build.0 = Debug|Any CPU
		{F5C50283-588C-457F-9737-EAA0611EC5E7}.Release|Any CPU.ActiveCfg = Release|Any CPU
		{F5C50283-588C-457F-9737-EAA0611EC5E7}.Release|Any CPU.Build.0 = Release|Any CPU
		{FE4141B4-4AC9-4CB1-84DC-96199E080EC6}.Debug|Any CPU.ActiveCfg = Debug|Any CPU
		{FE4141B4-4AC9-4CB1-84DC-96199E080EC6}.Debug|Any CPU.Build.0 = Debug|Any CPU
		{FE4141B4-4AC9-4CB1-84DC-96199E080EC6}.Release|Any CPU.ActiveCfg = Release|Any CPU
		{FE4141B4-4AC9-4CB1-84DC-96199E080EC6}.Release|Any CPU.Build.0 = Release|Any CPU
		{26B68DDC-BBB5-4B28-965E-11957EA9DA7D}.Debug|Any CPU.ActiveCfg = Debug|Any CPU
		{26B68DDC-BBB5-4B28-965E-11957EA9DA7D}.Debug|Any CPU.Build.0 = Debug|Any CPU
		{26B68DDC-BBB5-4B28-965E-11957EA9DA7D}.Release|Any CPU.ActiveCfg = Release|Any CPU
		{26B68DDC-BBB5-4B28-965E-11957EA9DA7D}.Release|Any CPU.Build.0 = Release|Any CPU
	EndGlobalSection
	GlobalSection(SolutionProperties) = preSolution
		HideSolutionNode = FALSE
	EndGlobalSection
	GlobalSection(ExtensibilityGlobals) = postSolution
		SolutionGuid = {96695896-C1E7-458B-99C7-9CB9ED31892A}
	EndGlobalSection
EndGlobal
